
Microsoft Visual Studio Solution File, Format Version 12.00
# Visual Studio 15
VisualStudioVersion = 15.0.28010.2046
MinimumVisualStudioVersion = 10.0.40219.1
Project("{FAE04EC0-301F-11D3-BF4B-00C04F79EFBC}") = "CoffeeShop.WebUI", "CoffeeShop.WebUI\CoffeeShop.WebUI.csproj", "{ACEBBCE8-7880-4209-B445-DFE23C12316F}"
EndProject
Project("{FAE04EC0-301F-11D3-BF4B-00C04F79EFBC}") = "CoffeeShop.WebUI.Tests", "CoffeeShop.WebUI.Tests\CoffeeShop.WebUI.Tests.csproj", "{77C7FB5A-E531-4A07-97DA-148FCE098E4A}"
EndProject
Project("{FAE04EC0-301F-11D3-BF4B-00C04F79EFBC}") = "CoffeeShop.Domain", "CoffeeShop.Domain\CoffeeShop.Domain.csproj", "{7E74A0A2-9118-45E5-A907-F988F0CCB8F7}"
EndProject
Global
	GlobalSection(SolutionConfigurationPlatforms) = preSolution
		Debug|Any CPU = Debug|Any CPU
		Release|Any CPU = Release|Any CPU
	EndGlobalSection
	GlobalSection(ProjectConfigurationPlatforms) = postSolution
		{ACEBBCE8-7880-4209-B445-DFE23C12316F}.Debug|Any CPU.ActiveCfg = Debug|Any CPU
		{ACEBBCE8-7880-4209-B445-DFE23C12316F}.Debug|Any CPU.Build.0 = Debug|Any CPU
		{ACEBBCE8-7880-4209-B445-DFE23C12316F}.Release|Any CPU.ActiveCfg = Release|Any CPU
		{ACEBBCE8-7880-4209-B445-DFE23C12316F}.Release|Any CPU.Build.0 = Release|Any CPU
		{77C7FB5A-E531-4A07-97DA-148FCE098E4A}.Debug|Any CPU.ActiveCfg = Debug|Any CPU
		{77C7FB5A-E531-4A07-97DA-148FCE098E4A}.Debug|Any CPU.Build.0 = Debug|Any CPU
		{77C7FB5A-E531-4A07-97DA-148FCE098E4A}.Release|Any CPU.ActiveCfg = Release|Any CPU
		{77C7FB5A-E531-4A07-97DA-148FCE098E4A}.Release|Any CPU.Build.0 = Release|Any CPU
		{7E74A0A2-9118-45E5-A907-F988F0CCB8F7}.Debug|Any CPU.ActiveCfg = Debug|Any CPU
		{7E74A0A2-9118-45E5-A907-F988F0CCB8F7}.Debug|Any CPU.Build.0 = Debug|Any CPU
		{7E74A0A2-9118-45E5-A907-F988F0CCB8F7}.Release|Any CPU.ActiveCfg = Release|Any CPU
		{7E74A0A2-9118-45E5-A907-F988F0CCB8F7}.Release|Any CPU.Build.0 = Release|Any CPU
	EndGlobalSection
	GlobalSection(SolutionProperties) = preSolution
		HideSolutionNode = FALSE
	EndGlobalSection
	GlobalSection(ExtensibilityGlobals) = postSolution
		SolutionGuid = {2D445F62-77E3-41C5-84AE-4C28DACB7617}
	EndGlobalSection
EndGlobal
